
Microsoft Visual Studio Solution File, Format Version 12.00
# Visual Studio Version 16
VisualStudioVersion = 16.0.29215.179
MinimumVisualStudioVersion = 10.0.40219.1
Project("{FAE04EC0-301F-11D3-BF4B-00C04F79EFBC}") = "PasswordManager", "PasswordManager\PasswordManager.csproj", "{95B3C3D0-73BC-444F-9558-9F4511119049}"
EndProject
Global
	GlobalSection(SolutionConfigurationPlatforms) = preSolution
		Debug|Any CPU = Debug|Any CPU
		Release|Any CPU = Release|Any CPU
	EndGlobalSection
	GlobalSection(ProjectConfigurationPlatforms) = postSolution
		{95B3C3D0-73BC-444F-9558-9F4511119049}.Debug|Any CPU.ActiveCfg = Debug|Any CPU
		{95B3C3D0-73BC-444F-9558-9F4511119049}.Debug|Any CPU.Build.0 = Debug|Any CPU
		{95B3C3D0-73BC-444F-9558-9F4511119049}.Release|Any CPU.ActiveCfg = Release|Any CPU
		{95B3C3D0-73BC-444F-9558-9F4511119049}.Release|Any CPU.Build.0 = Release|Any CPU
	EndGlobalSection
	GlobalSection(SolutionProperties) = preSolution
		HideSolutionNode = FALSE
	EndGlobalSection
	GlobalSection(ExtensibilityGlobals) = postSolution
		SolutionGuid = {2AD35E03-72FB-441E-998C-9910C7FE98BF}
	EndGlobalSection
EndGlobal
